// !$*UTF8*$!
{
	archiveVersion = 1;
	classes = {
	};
	objectVersion = 52;
	objects = {

/* Begin PBXBuildFile section */
		BD0224A024ED8BC40003B350 /* Assets.xcassets in Resources */ = {isa = PBXBuildFile; fileRef = BD02249824ED8BC40003B350 /* Assets.xcassets */; };
		BD75C69024ED8C15004669EC /* ContentView.swift in Sources */ = {isa = PBXBuildFile; fileRef = BD75C68F24ED8C15004669EC /* ContentView.swift */; };
		BD75C69924ED8C53004669EC /* CountryModel.swift in Sources */ = {isa = PBXBuildFile; fileRef = BD75C69824ED8C53004669EC /* CountryModel.swift */; };
		BD75C69A24ED8C53004669EC /* NewsResultModel.swift in Sources */ = {isa = PBXBuildFile; fileRef = BD75C69524ED8C53004669EC /* NewsResultModel.swift */; };
		BD75C69B24ED8C53004669EC /* GlobalModel.swift in Sources */ = {isa = PBXBuildFile; fileRef = BD75C69624ED8C53004669EC /* GlobalModel.swift */; };
		BD75C69C24ED8C53004669EC /* ArticleModel.swift in Sources */ = {isa = PBXBuildFile; fileRef = BD75C69724ED8C53004669EC /* ArticleModel.swift */; };
		BD75C69F24ED8C57004669EC /* NetworkError.swift in Sources */ = {isa = PBXBuildFile; fileRef = BD75C69D24ED8C57004669EC /* NetworkError.swift */; };
		BD75C6A024ED8C57004669EC /* API.swift in Sources */ = {isa = PBXBuildFile; fileRef = BD75C69E24ED8C57004669EC /* API.swift */; };
		BD75C6A324ED8C5B004669EC /* Font.swift in Sources */ = {isa = PBXBuildFile; fileRef = BD75C6A224ED8C5B004669EC /* Font.swift */; };
		BD75C6A424ED8C5B004669EC /* Color.swift in Sources */ = {isa = PBXBuildFile; fileRef = BD75C6A124ED8C5B004669EC /* Color.swift */; };
		BD75C6B824ED8C61004669EC /* SectionTitleView.swift in Sources */ = {isa = PBXBuildFile; fileRef = BD75C6B524ED8C60004669EC /* SectionTitleView.swift */; };
		BD75C6B924ED8C61004669EC /* GlobalStatsView.swift in Sources */ = {isa = PBXBuildFile; fileRef = BD75C6B624ED8C61004669EC /* GlobalStatsView.swift */; };
		BD75C6BA24ED8C61004669EC /* URLImage.swift in Sources */ = {isa = PBXBuildFile; fileRef = BD75C6B724ED8C61004669EC /* URLImage.swift */; };
		BD75C6BB24ED8C6B004669EC /* PieChartView.swift in Sources */ = {isa = PBXBuildFile; fileRef = BD75C6A824ED8C60004669EC /* PieChartView.swift */; };
		BD75C6BC24ED8C6B004669EC /* PieChartCell.swift in Sources */ = {isa = PBXBuildFile; fileRef = BD75C6A724ED8C60004669EC /* PieChartCell.swift */; };
		BD75C6BF24ED8CA7004669EC /* NewsData.swift in Sources */ = {isa = PBXBuildFile; fileRef = BD75C6BD24ED8CA7004669EC /* NewsData.swift */; };
		BD75C6C024ED8CA7004669EC /* CovidData.swift in Sources */ = {isa = PBXBuildFile; fileRef = BD75C6BE24ED8CA7004669EC /* CovidData.swift */; };
		BD75C6CF24ED934E004669EC /* GlobalViewModel.swift in Sources */ = {isa = PBXBuildFile; fileRef = BD75C6CE24ED934E004669EC /* GlobalViewModel.swift */; };
		BD75C6D124ED95D3004669EC /* NewsDetailView.swift in Sources */ = {isa = PBXBuildFile; fileRef = BD75C6D024ED95D3004669EC /* NewsDetailView.swift */; };
		BD75C6D324ED9DC2004669EC /* ArticleViewModel.swift in Sources */ = {isa = PBXBuildFile; fileRef = BD75C6D224ED9DC2004669EC /* ArticleViewModel.swift */; };
		BDAA84D724EDC13600920897 /* NewsListView.swift in Sources */ = {isa = PBXBuildFile; fileRef = BDAA84D624EDC13600920897 /* NewsListView.swift */; };
		BDAA84D924EDC20400920897 /* SymptomsCardView.swift in Sources */ = {isa = PBXBuildFile; fileRef = BDAA84D824EDC20400920897 /* SymptomsCardView.swift */; };
		BDB9FF3E24B58B8F0062D71B /* AppDelegate.swift in Sources */ = {isa = PBXBuildFile; fileRef = BDB9FF3D24B58B8F0062D71B /* AppDelegate.swift */; };
		BDB9FF4024B58B8F0062D71B /* SceneDelegate.swift in Sources */ = {isa = PBXBuildFile; fileRef = BDB9FF3F24B58B8F0062D71B /* SceneDelegate.swift */; };
		BDF8F9D624C1F6FC00DF2B28 /* SwiftUICharts in Frameworks */ = {isa = PBXBuildFile; productRef = BDF8F9D524C1F6FC00DF2B28 /* SwiftUICharts */; };
/* End PBXBuildFile section */

/* Begin PBXFileReference section */
		BD02249824ED8BC40003B350 /* Assets.xcassets */ = {isa = PBXFileReference; lastKnownFileType = folder.assetcatalog; path = Assets.xcassets; sourceTree = "<group>"; };
		BD75C68F24ED8C15004669EC /* ContentView.swift */ = {isa = PBXFileReference; lastKnownFileType = sourcecode.swift; path = ContentView.swift; sourceTree = "<group>"; };
		BD75C69524ED8C53004669EC /* NewsResultModel.swift */ = {isa = PBXFileReference; lastKnownFileType = sourcecode.swift; path = NewsResultModel.swift; sourceTree = "<group>"; };
		BD75C69624ED8C53004669EC /* GlobalModel.swift */ = {isa = PBXFileReference; lastKnownFileType = sourcecode.swift; path = GlobalModel.swift; sourceTree = "<group>"; };
		BD75C69724ED8C53004669EC /* ArticleModel.swift */ = {isa = PBXFileReference; lastKnownFileType = sourcecode.swift; path = ArticleModel.swift; sourceTree = "<group>"; };
		BD75C69824ED8C53004669EC /* CountryModel.swift */ = {isa = PBXFileReference; lastKnownFileType = sourcecode.swift; path = CountryModel.swift; sourceTree = "<group>"; };
		BD75C69D24ED8C57004669EC /* NetworkError.swift */ = {isa = PBXFileReference; lastKnownFileType = sourcecode.swift; path = NetworkError.swift; sourceTree = "<group>"; };
		BD75C69E24ED8C57004669EC /* API.swift */ = {isa = PBXFileReference; lastKnownFileType = sourcecode.swift; path = API.swift; sourceTree = "<group>"; };
		BD75C6A124ED8C5B004669EC /* Color.swift */ = {isa = PBXFileReference; lastKnownFileType = sourcecode.swift; path = Color.swift; sourceTree = "<group>"; };
		BD75C6A224ED8C5B004669EC /* Font.swift */ = {isa = PBXFileReference; lastKnownFileType = sourcecode.swift; path = Font.swift; sourceTree = "<group>"; };
		BD75C6A724ED8C60004669EC /* PieChartCell.swift */ = {isa = PBXFileReference; lastKnownFileType = sourcecode.swift; path = PieChartCell.swift; sourceTree = "<group>"; };
		BD75C6A824ED8C60004669EC /* PieChartView.swift */ = {isa = PBXFileReference; lastKnownFileType = sourcecode.swift; path = PieChartView.swift; sourceTree = "<group>"; };
		BD75C6AD24ED8C60004669EC /* IndicatorPoint.swift */ = {isa = PBXFileReference; lastKnownFileType = sourcecode.swift; path = IndicatorPoint.swift; sourceTree = "<group>"; };
		BD75C6AE24ED8C60004669EC /* LineGraphView.swift */ = {isa = PBXFileReference; lastKnownFileType = sourcecode.swift; path = LineGraphView.swift; sourceTree = "<group>"; };
		BD75C6AF24ED8C60004669EC /* Line.swift */ = {isa = PBXFileReference; lastKnownFileType = sourcecode.swift; path = Line.swift; sourceTree = "<group>"; };
		BD75C6B024ED8C60004669EC /* IndicatorRectangle.swift */ = {isa = PBXFileReference; lastKnownFileType = sourcecode.swift; path = IndicatorRectangle.swift; sourceTree = "<group>"; };
		BD75C6B224ED8C60004669EC /* RectangleChartView.swift */ = {isa = PBXFileReference; lastKnownFileType = sourcecode.swift; path = RectangleChartView.swift; sourceTree = "<group>"; };
		BD75C6B324ED8C60004669EC /* RectangleCard.swift */ = {isa = PBXFileReference; lastKnownFileType = sourcecode.swift; path = RectangleCard.swift; sourceTree = "<group>"; };
		BD75C6B424ED8C60004669EC /* RectangleChartSegment.swift */ = {isa = PBXFileReference; lastKnownFileType = sourcecode.swift; path = RectangleChartSegment.swift; sourceTree = "<group>"; };
		BD75C6B524ED8C60004669EC /* SectionTitleView.swift */ = {isa = PBXFileReference; lastKnownFileType = sourcecode.swift; path = SectionTitleView.swift; sourceTree = "<group>"; };
		BD75C6B624ED8C61004669EC /* GlobalStatsView.swift */ = {isa = PBXFileReference; lastKnownFileType = sourcecode.swift; path = GlobalStatsView.swift; sourceTree = "<group>"; };
		BD75C6B724ED8C61004669EC /* URLImage.swift */ = {isa = PBXFileReference; lastKnownFileType = sourcecode.swift; path = URLImage.swift; sourceTree = "<group>"; };
		BD75C6BD24ED8CA7004669EC /* NewsData.swift */ = {isa = PBXFileReference; lastKnownFileType = sourcecode.swift; path = NewsData.swift; sourceTree = "<group>"; };
		BD75C6BE24ED8CA7004669EC /* CovidData.swift */ = {isa = PBXFileReference; lastKnownFileType = sourcecode.swift; path = CovidData.swift; sourceTree = "<group>"; };
		BD75C6C824ED8D60004669EC /* LaunchScreen.storyboard */ = {isa = PBXFileReference; lastKnownFileType = file.storyboard; path = LaunchScreen.storyboard; sourceTree = "<group>"; };
		BD75C6C924ED8D84004669EC /* Preview Assets.xcassets */ = {isa = PBXFileReference; lastKnownFileType = folder.assetcatalog; path = "Preview Assets.xcassets"; sourceTree = "<group>"; };
		BD75C6CE24ED934E004669EC /* GlobalViewModel.swift */ = {isa = PBXFileReference; lastKnownFileType = sourcecode.swift; path = GlobalViewModel.swift; sourceTree = "<group>"; };
		BD75C6D024ED95D3004669EC /* NewsDetailView.swift */ = {isa = PBXFileReference; lastKnownFileType = sourcecode.swift; path = NewsDetailView.swift; sourceTree = "<group>"; };
		BD75C6D224ED9DC2004669EC /* ArticleViewModel.swift */ = {isa = PBXFileReference; lastKnownFileType = sourcecode.swift; path = ArticleViewModel.swift; sourceTree = "<group>"; };
		BDAA84D624EDC13600920897 /* NewsListView.swift */ = {isa = PBXFileReference; lastKnownFileType = sourcecode.swift; path = NewsListView.swift; sourceTree = "<group>"; };
		BDAA84D824EDC20400920897 /* SymptomsCardView.swift */ = {isa = PBXFileReference; lastKnownFileType = sourcecode.swift; path = SymptomsCardView.swift; sourceTree = "<group>"; };
		BDB9FF3A24B58B8F0062D71B /* COVID.app */ = {isa = PBXFileReference; explicitFileType = wrapper.application; includeInIndex = 0; path = COVID.app; sourceTree = BUILT_PRODUCTS_DIR; };
		BDB9FF3D24B58B8F0062D71B /* AppDelegate.swift */ = {isa = PBXFileReference; lastKnownFileType = sourcecode.swift; path = AppDelegate.swift; sourceTree = "<group>"; };
		BDB9FF3F24B58B8F0062D71B /* SceneDelegate.swift */ = {isa = PBXFileReference; lastKnownFileType = sourcecode.swift; path = SceneDelegate.swift; sourceTree = "<group>"; };
		BDB9FF4B24B58B900062D71B /* Info.plist */ = {isa = PBXFileReference; lastKnownFileType = text.plist.xml; path = Info.plist; sourceTree = "<group>"; };
/* End PBXFileReference section */

/* Begin PBXFrameworksBuildPhase section */
		BDB9FF3724B58B8F0062D71B /* Frameworks */ = {
			isa = PBXFrameworksBuildPhase;
			buildActionMask = 2147483647;
			files = (
				BDF8F9D624C1F6FC00DF2B28 /* SwiftUICharts in Frameworks */,
			);
			runOnlyForDeploymentPostprocessing = 0;
		};
/* End PBXFrameworksBuildPhase section */

/* Begin PBXGroup section */
		BD75C6A524ED8C60004669EC /* Graphs */ = {
			isa = PBXGroup;
			children = (
				BD75C6A624ED8C60004669EC /* Pie Chart */,
				BD75C6AC24ED8C60004669EC /* LineGraph */,
				BD75C6B124ED8C60004669EC /* RectangleChart */,
			);
			path = Graphs;
			sourceTree = "<group>";
		};
		BD75C6A624ED8C60004669EC /* Pie Chart */ = {
			isa = PBXGroup;
			children = (
				BD75C6A824ED8C60004669EC /* PieChartView.swift */,
				BD75C6A724ED8C60004669EC /* PieChartCell.swift */,
			);
			path = "Pie Chart";
			sourceTree = "<group>";
		};
		BD75C6AC24ED8C60004669EC /* LineGraph */ = {
			isa = PBXGroup;
			children = (
				BD75C6AD24ED8C60004669EC /* IndicatorPoint.swift */,
				BD75C6AE24ED8C60004669EC /* LineGraphView.swift */,
				BD75C6AF24ED8C60004669EC /* Line.swift */,
				BD75C6B024ED8C60004669EC /* IndicatorRectangle.swift */,
			);
			path = LineGraph;
			sourceTree = "<group>";
		};
		BD75C6B124ED8C60004669EC /* RectangleChart */ = {
			isa = PBXGroup;
			children = (
				BD75C6B224ED8C60004669EC /* RectangleChartView.swift */,
				BD75C6B324ED8C60004669EC /* RectangleCard.swift */,
				BD75C6B424ED8C60004669EC /* RectangleChartSegment.swift */,
			);
			path = RectangleChart;
			sourceTree = "<group>";
		};
		BD75C6C124ED8CB3004669EC /* Backend */ = {
			isa = PBXGroup;
			children = (
				BD75C6C424ED8CE0004669EC /* Networking */,
				BD75C6C324ED8CD3004669EC /* Models */,
				BD75C6C224ED8CBB004669EC /* Data */,
			);
			path = Backend;
			sourceTree = "<group>";
		};
		BD75C6C224ED8CBB004669EC /* Data */ = {
			isa = PBXGroup;
			children = (
				BD75C6BE24ED8CA7004669EC /* CovidData.swift */,
				BD75C6BD24ED8CA7004669EC /* NewsData.swift */,
			);
			path = Data;
			sourceTree = "<group>";
		};
		BD75C6C324ED8CD3004669EC /* Models */ = {
			isa = PBXGroup;
			children = (
				BD75C69724ED8C53004669EC /* ArticleModel.swift */,
				BD75C69824ED8C53004669EC /* CountryModel.swift */,
				BD75C69624ED8C53004669EC /* GlobalModel.swift */,
				BD75C69524ED8C53004669EC /* NewsResultModel.swift */,
			);
			path = Models;
			sourceTree = "<group>";
		};
		BD75C6C424ED8CE0004669EC /* Networking */ = {
			isa = PBXGroup;
			children = (
				BD75C69E24ED8C57004669EC /* API.swift */,
				BD75C69D24ED8C57004669EC /* NetworkError.swift */,
			);
			path = Networking;
			sourceTree = "<group>";
		};
		BD75C6C624ED8CFE004669EC /* Extensions */ = {
			isa = PBXGroup;
			children = (
				BD75C6A124ED8C5B004669EC /* Color.swift */,
				BD75C6A224ED8C5B004669EC /* Font.swift */,
			);
			path = Extensions;
			sourceTree = "<group>";
		};
		BD75C6C724ED8D09004669EC /* Views */ = {
			isa = PBXGroup;
			children = (
				BD75C68F24ED8C15004669EC /* ContentView.swift */,
				BDAA84D824EDC20400920897 /* SymptomsCardView.swift */,
				BDAA84D624EDC13600920897 /* NewsListView.swift */,
				BD75C6B624ED8C61004669EC /* GlobalStatsView.swift */,
				BD75C6D024ED95D3004669EC /* NewsDetailView.swift */,
				BD75C6B524ED8C60004669EC /* SectionTitleView.swift */,
				BD75C6B724ED8C61004669EC /* URLImage.swift */,
				BD75C6A524ED8C60004669EC /* Graphs */,
			);
			name = Views;
			path = Backend/Views;
			sourceTree = "<group>";
		};
		BD75C6CC24ED8E2D004669EC /* Preview Content */ = {
			isa = PBXGroup;
			children = (
				BD75C6C924ED8D84004669EC /* Preview Assets.xcassets */,
			);
			path = "Preview Content";
			sourceTree = "<group>";
		};
		BD75C6CD24ED933A004669EC /* View Model */ = {
			isa = PBXGroup;
			children = (
				BD75C6CE24ED934E004669EC /* GlobalViewModel.swift */,
				BD75C6D224ED9DC2004669EC /* ArticleViewModel.swift */,
			);
			path = "View Model";
			sourceTree = "<group>";
		};
		BDB9FF3124B58B8F0062D71B = {
			isa = PBXGroup;
			children = (
				BDB9FF3C24B58B8F0062D71B /* COVID */,
				BDB9FF3B24B58B8F0062D71B /* Products */,
			);
			sourceTree = "<group>";
		};
		BDB9FF3B24B58B8F0062D71B /* Products */ = {
			isa = PBXGroup;
			children = (
				BDB9FF3A24B58B8F0062D71B /* COVID.app */,
			);
			name = Products;
			sourceTree = "<group>";
		};
		BDB9FF3C24B58B8F0062D71B /* COVID */ = {
			isa = PBXGroup;
			children = (
				BDB9FF3D24B58B8F0062D71B /* AppDelegate.swift */,
				BDB9FF3F24B58B8F0062D71B /* SceneDelegate.swift */,
				BD02249824ED8BC40003B350 /* Assets.xcassets */,
				BD75C6C824ED8D60004669EC /* LaunchScreen.storyboard */,
				BD75C6C724ED8D09004669EC /* Views */,
				BD75C6C124ED8CB3004669EC /* Backend */,
				BD75C6C624ED8CFE004669EC /* Extensions */,
				BD75C6CD24ED933A004669EC /* View Model */,
				BDB9FF4B24B58B900062D71B /* Info.plist */,
				BD75C6CC24ED8E2D004669EC /* Preview Content */,
			);
			path = COVID;
			sourceTree = "<group>";
		};
/* End PBXGroup section */

/* Begin PBXNativeTarget section */
		BDB9FF3924B58B8F0062D71B /* COVID */ = {
			isa = PBXNativeTarget;
			buildConfigurationList = BDB9FF4E24B58B900062D71B /* Build configuration list for PBXNativeTarget "COVID" */;
			buildPhases = (
				BDB9FF3624B58B8F0062D71B /* Sources */,
				BDB9FF3724B58B8F0062D71B /* Frameworks */,
				BDB9FF3824B58B8F0062D71B /* Resources */,
			);
			buildRules = (
			);
			dependencies = (
			);
			name = COVID;
			packageProductDependencies = (
				BDF8F9D524C1F6FC00DF2B28 /* SwiftUICharts */,
			);
			productName = COVID;
			productReference = BDB9FF3A24B58B8F0062D71B /* COVID.app */;
			productType = "com.apple.product-type.application";
		};
/* End PBXNativeTarget section */

/* Begin PBXProject section */
		BDB9FF3224B58B8F0062D71B /* Project object */ = {
			isa = PBXProject;
			attributes = {
				LastSwiftUpdateCheck = 1150;
				LastUpgradeCheck = 1150;
				ORGANIZATIONNAME = samrshi;
				TargetAttributes = {
					BDB9FF3924B58B8F0062D71B = {
						CreatedOnToolsVersion = 11.5;
					};
				};
			};
			buildConfigurationList = BDB9FF3524B58B8F0062D71B /* Build configuration list for PBXProject "COVID" */;
			compatibilityVersion = "Xcode 9.3";
			developmentRegion = en;
			hasScannedForEncodings = 0;
			knownRegions = (
				en,
				Base,
			);
			mainGroup = BDB9FF3124B58B8F0062D71B;
			packageReferences = (
				BDF8F9D424C1F6FC00DF2B28 /* XCRemoteSwiftPackageReference "ChartView" */,
			);
			productRefGroup = BDB9FF3B24B58B8F0062D71B /* Products */;
			projectDirPath = "";
			projectRoot = "";
			targets = (
				BDB9FF3924B58B8F0062D71B /* COVID */,
			);
		};
/* End PBXProject section */

/* Begin PBXResourcesBuildPhase section */
		BDB9FF3824B58B8F0062D71B /* Resources */ = {
			isa = PBXResourcesBuildPhase;
			buildActionMask = 2147483647;
			files = (
				BD0224A024ED8BC40003B350 /* Assets.xcassets in Resources */,
			);
			runOnlyForDeploymentPostprocessing = 0;
		};
/* End PBXResourcesBuildPhase section */

/* Begin PBXSourcesBuildPhase section */
		BDB9FF3624B58B8F0062D71B /* Sources */ = {
			isa = PBXSourcesBuildPhase;
			buildActionMask = 2147483647;
			files = (
				BD75C6A024ED8C57004669EC /* API.swift in Sources */,
				BDB9FF3E24B58B8F0062D71B /* AppDelegate.swift in Sources */,
				BD75C69C24ED8C53004669EC /* ArticleModel.swift in Sources */,
				BD75C6C024ED8CA7004669EC /* CovidData.swift in Sources */,
				BD75C69A24ED8C53004669EC /* NewsResultModel.swift in Sources */,
				BDAA84D724EDC13600920897 /* NewsListView.swift in Sources */,
				BD75C6A424ED8C5B004669EC /* Color.swift in Sources */,
				BD75C6BF24ED8CA7004669EC /* NewsData.swift in Sources */,
				BD75C69924ED8C53004669EC /* CountryModel.swift in Sources */,
				BDB9FF4024B58B8F0062D71B /* SceneDelegate.swift in Sources */,
				BD75C6B924ED8C61004669EC /* GlobalStatsView.swift in Sources */,
				BD75C69024ED8C15004669EC /* ContentView.swift in Sources */,
				BD75C6A324ED8C5B004669EC /* Font.swift in Sources */,
				BD75C6D324ED9DC2004669EC /* ArticleViewModel.swift in Sources */,
				BD75C69B24ED8C53004669EC /* GlobalModel.swift in Sources */,
				BD75C6BB24ED8C6B004669EC /* PieChartView.swift in Sources */,
				BD75C6D124ED95D3004669EC /* NewsDetailView.swift in Sources */,
				BD75C69F24ED8C57004669EC /* NetworkError.swift in Sources */,
				BD75C6CF24ED934E004669EC /* GlobalViewModel.swift in Sources */,
				BD75C6B824ED8C61004669EC /* SectionTitleView.swift in Sources */,
				BDAA84D924EDC20400920897 /* SymptomsCardView.swift in Sources */,
				BD75C6BA24ED8C61004669EC /* URLImage.swift in Sources */,
				BD75C6BC24ED8C6B004669EC /* PieChartCell.swift in Sources */,
			);
			runOnlyForDeploymentPostprocessing = 0;
		};
/* End PBXSourcesBuildPhase section */

/* Begin XCBuildConfiguration section */
		BDB9FF4C24B58B900062D71B /* Debug */ = {
			isa = XCBuildConfiguration;
			buildSettings = {
				ALWAYS_SEARCH_USER_PATHS = NO;
				CLANG_ANALYZER_NONNULL = YES;
				CLANG_ANALYZER_NUMBER_OBJECT_CONVERSION = YES_AGGRESSIVE;
				CLANG_CXX_LANGUAGE_STANDARD = "gnu++14";
				CLANG_CXX_LIBRARY = "libc++";
				CLANG_ENABLE_MODULES = YES;
				CLANG_ENABLE_OBJC_ARC = YES;
				CLANG_ENABLE_OBJC_WEAK = YES;
				CLANG_WARN_BLOCK_CAPTURE_AUTORELEASING = YES;
				CLANG_WARN_BOOL_CONVERSION = YES;
				CLANG_WARN_COMMA = YES;
				CLANG_WARN_CONSTANT_CONVERSION = YES;
				CLANG_WARN_DEPRECATED_OBJC_IMPLEMENTATIONS = YES;
				CLANG_WARN_DIRECT_OBJC_ISA_USAGE = YES_ERROR;
				CLANG_WARN_DOCUMENTATION_COMMENTS = YES;
				CLANG_WARN_EMPTY_BODY = YES;
				CLANG_WARN_ENUM_CONVERSION = YES;
				CLANG_WARN_INFINITE_RECURSION = YES;
				CLANG_WARN_INT_CONVERSION = YES;
				CLANG_WARN_NON_LITERAL_NULL_CONVERSION = YES;
				CLANG_WARN_OBJC_IMPLICIT_RETAIN_SELF = YES;
				CLANG_WARN_OBJC_LITERAL_CONVERSION = YES;
				CLANG_WARN_OBJC_ROOT_CLASS = YES_ERROR;
				CLANG_WARN_RANGE_LOOP_ANALYSIS = YES;
				CLANG_WARN_STRICT_PROTOTYPES = YES;
				CLANG_WARN_SUSPICIOUS_MOVE = YES;
				CLANG_WARN_UNGUARDED_AVAILABILITY = YES_AGGRESSIVE;
				CLANG_WARN_UNREACHABLE_CODE = YES;
				CLANG_WARN__DUPLICATE_METHOD_MATCH = YES;
				COPY_PHASE_STRIP = NO;
				DEBUG_INFORMATION_FORMAT = dwarf;
				ENABLE_STRICT_OBJC_MSGSEND = YES;
				ENABLE_TESTABILITY = YES;
				GCC_C_LANGUAGE_STANDARD = gnu11;
				GCC_DYNAMIC_NO_PIC = NO;
				GCC_NO_COMMON_BLOCKS = YES;
				GCC_OPTIMIZATION_LEVEL = 0;
				GCC_PREPROCESSOR_DEFINITIONS = (
					"DEBUG=1",
					"$(inherited)",
				);
				GCC_WARN_64_TO_32_BIT_CONVERSION = YES;
				GCC_WARN_ABOUT_RETURN_TYPE = YES_ERROR;
				GCC_WARN_UNDECLARED_SELECTOR = YES;
				GCC_WARN_UNINITIALIZED_AUTOS = YES_AGGRESSIVE;
				GCC_WARN_UNUSED_FUNCTION = YES;
				GCC_WARN_UNUSED_VARIABLE = YES;
				IPHONEOS_DEPLOYMENT_TARGET = 13.5;
				MTL_ENABLE_DEBUG_INFO = INCLUDE_SOURCE;
				MTL_FAST_MATH = YES;
				ONLY_ACTIVE_ARCH = YES;
				SDKROOT = iphoneos;
				SWIFT_ACTIVE_COMPILATION_CONDITIONS = DEBUG;
				SWIFT_OPTIMIZATION_LEVEL = "-Onone";
			};
			name = Debug;
		};
		BDB9FF4D24B58B900062D71B /* Release */ = {
			isa = XCBuildConfiguration;
			buildSettings = {
				ALWAYS_SEARCH_USER_PATHS = NO;
				CLANG_ANALYZER_NONNULL = YES;
				CLANG_ANALYZER_NUMBER_OBJECT_CONVERSION = YES_AGGRESSIVE;
				CLANG_CXX_LANGUAGE_STANDARD = "gnu++14";
				CLANG_CXX_LIBRARY = "libc++";
				CLANG_ENABLE_MODULES = YES;
				CLANG_ENABLE_OBJC_ARC = YES;
				CLANG_ENABLE_OBJC_WEAK = YES;
				CLANG_WARN_BLOCK_CAPTURE_AUTORELEASING = YES;
				CLANG_WARN_BOOL_CONVERSION = YES;
				CLANG_WARN_COMMA = YES;
				CLANG_WARN_CONSTANT_CONVERSION = YES;
				CLANG_WARN_DEPRECATED_OBJC_IMPLEMENTATIONS = YES;
				CLANG_WARN_DIRECT_OBJC_ISA_USAGE = YES_ERROR;
				CLANG_WARN_DOCUMENTATION_COMMENTS = YES;
				CLANG_WARN_EMPTY_BODY = YES;
				CLANG_WARN_ENUM_CONVERSION = YES;
				CLANG_WARN_INFINITE_RECURSION = YES;
				CLANG_WARN_INT_CONVERSION = YES;
				CLANG_WARN_NON_LITERAL_NULL_CONVERSION = YES;
				CLANG_WARN_OBJC_IMPLICIT_RETAIN_SELF = YES;
				CLANG_WARN_OBJC_LITERAL_CONVERSION = YES;
				CLANG_WARN_OBJC_ROOT_CLASS = YES_ERROR;
				CLANG_WARN_RANGE_LOOP_ANALYSIS = YES;
				CLANG_WARN_STRICT_PROTOTYPES = YES;
				CLANG_WARN_SUSPICIOUS_MOVE = YES;
				CLANG_WARN_UNGUARDED_AVAILABILITY = YES_AGGRESSIVE;
				CLANG_WARN_UNREACHABLE_CODE = YES;
				CLANG_WARN__DUPLICATE_METHOD_MATCH = YES;
				COPY_PHASE_STRIP = NO;
				DEBUG_INFORMATION_FORMAT = "dwarf-with-dsym";
				ENABLE_NS_ASSERTIONS = NO;
				ENABLE_STRICT_OBJC_MSGSEND = YES;
				GCC_C_LANGUAGE_STANDARD = gnu11;
				GCC_NO_COMMON_BLOCKS = YES;
				GCC_WARN_64_TO_32_BIT_CONVERSION = YES;
				GCC_WARN_ABOUT_RETURN_TYPE = YES_ERROR;
				GCC_WARN_UNDECLARED_SELECTOR = YES;
				GCC_WARN_UNINITIALIZED_AUTOS = YES_AGGRESSIVE;
				GCC_WARN_UNUSED_FUNCTION = YES;
				GCC_WARN_UNUSED_VARIABLE = YES;
				IPHONEOS_DEPLOYMENT_TARGET = 13.5;
				MTL_ENABLE_DEBUG_INFO = NO;
				MTL_FAST_MATH = YES;
				SDKROOT = iphoneos;
				SWIFT_COMPILATION_MODE = wholemodule;
				SWIFT_OPTIMIZATION_LEVEL = "-O";
				VALIDATE_PRODUCT = YES;
			};
			name = Release;
		};
		BDB9FF4F24B58B900062D71B /* Debug */ = {
			isa = XCBuildConfiguration;
			buildSettings = {
				ASSETCATALOG_COMPILER_APPICON_NAME = AppIcon;
				CODE_SIGN_STYLE = Automatic;
				DEVELOPMENT_ASSET_PATHS = "\"COVID/Preview Content\"";
				DEVELOPMENT_TEAM = 9A9373K73V;
				ENABLE_PREVIEWS = YES;
				INFOPLIST_FILE = COVID/Info.plist;
				LD_RUNPATH_SEARCH_PATHS = (
					"$(inherited)",
					"@executable_path/Frameworks",
				);
				PRODUCT_BUNDLE_IDENTIFIER = com.samrshi.COVID;
				PRODUCT_NAME = "$(TARGET_NAME)";
				SWIFT_VERSION = 5.0;
				TARGETED_DEVICE_FAMILY = "1,2";
			};
			name = Debug;
		};
		BDB9FF5024B58B900062D71B /* Release */ = {
			isa = XCBuildConfiguration;
			buildSettings = {
				ASSETCATALOG_COMPILER_APPICON_NAME = AppIcon;
				CODE_SIGN_STYLE = Automatic;
				DEVELOPMENT_ASSET_PATHS = "\"COVID/Preview Content\"";
				DEVELOPMENT_TEAM = 9A9373K73V;
				ENABLE_PREVIEWS = YES;
				INFOPLIST_FILE = COVID/Info.plist;
				LD_RUNPATH_SEARCH_PATHS = (
					"$(inherited)",
					"@executable_path/Frameworks",
				);
				PRODUCT_BUNDLE_IDENTIFIER = com.samrshi.COVID;
				PRODUCT_NAME = "$(TARGET_NAME)";
				SWIFT_VERSION = 5.0;
				TARGETED_DEVICE_FAMILY = "1,2";
			};
			name = Release;
		};
/* End XCBuildConfiguration section */

/* Begin XCConfigurationList section */
		BDB9FF3524B58B8F0062D71B /* Build configuration list for PBXProject "COVID" */ = {
			isa = XCConfigurationList;
			buildConfigurations = (
				BDB9FF4C24B58B900062D71B /* Debug */,
				BDB9FF4D24B58B900062D71B /* Release */,
			);
			defaultConfigurationIsVisible = 0;
			defaultConfigurationName = Release;
		};
		BDB9FF4E24B58B900062D71B /* Build configuration list for PBXNativeTarget "COVID" */ = {
			isa = XCConfigurationList;
			buildConfigurations = (
				BDB9FF4F24B58B900062D71B /* Debug */,
				BDB9FF5024B58B900062D71B /* Release */,
			);
			defaultConfigurationIsVisible = 0;
			defaultConfigurationName = Release;
		};
/* End XCConfigurationList section */

/* Begin XCRemoteSwiftPackageReference section */
		BDF8F9D424C1F6FC00DF2B28 /* XCRemoteSwiftPackageReference "ChartView" */ = {
			isa = XCRemoteSwiftPackageReference;
			repositoryURL = "https://github.com/AppPear/ChartView";
			requirement = {
				kind = upToNextMajorVersion;
				minimumVersion = 1.5.3;
			};
		};
/* End XCRemoteSwiftPackageReference section */

/* Begin XCSwiftPackageProductDependency section */
		BDF8F9D524C1F6FC00DF2B28 /* SwiftUICharts */ = {
			isa = XCSwiftPackageProductDependency;
			package = BDF8F9D424C1F6FC00DF2B28 /* XCRemoteSwiftPackageReference "ChartView" */;
			productName = SwiftUICharts;
		};
/* End XCSwiftPackageProductDependency section */
	};
	rootObject = BDB9FF3224B58B8F0062D71B /* Project object */;
}
